
Microsoft Visual Studio Solution File, Format Version 12.00
# Visual Studio Version 17
VisualStudioVersion = 17.2.32519.379
MinimumVisualStudioVersion = 10.0.40219.1
Project("{FAE04EC0-301F-11D3-BF4B-00C04F79EFBC}") = "pryTrabajoPractico(laboratorio 3)", "pryTrabajoPractico(laboratorio 3)\pryTrabajoPractico(laboratorio 3).csproj", "{B152D345-85DB-4929-BAEF-FF1948597A76}"
EndProject
Global
	GlobalSection(SolutionConfigurationPlatforms) = preSolution
		Debug|Any CPU = Debug|Any CPU
		Release|Any CPU = Release|Any CPU
	EndGlobalSection
	GlobalSection(ProjectConfigurationPlatforms) = postSolution
		{B152D345-85DB-4929-BAEF-FF1948597A76}.Debug|Any CPU.ActiveCfg = Debug|Any CPU
		{B152D345-85DB-4929-BAEF-FF1948597A76}.Debug|Any CPU.Build.0 = Debug|Any CPU
		{B152D345-85DB-4929-BAEF-FF1948597A76}.Release|Any CPU.ActiveCfg = Release|Any CPU
		{B152D345-85DB-4929-BAEF-FF1948597A76}.Release|Any CPU.Build.0 = Release|Any CPU
	EndGlobalSection
	GlobalSection(SolutionProperties) = preSolution
		HideSolutionNode = FALSE
	EndGlobalSection
	GlobalSection(ExtensibilityGlobals) = postSolution
		SolutionGuid = {64131E10-9522-4DD8-810F-20EC6FB1704C}
	EndGlobalSection
EndGlobal
